{
    "hash": "f6227e42be7b5da1bcb18bdf619b401e",
    "packages": [
        {
            "package": "doctrine/common",
            "version": "2.3.x-dev",
            "source-reference": "bb0aebbf234db52df476a2b473d434745b34221c",
            "commit-date": "1348120518"
        },
        {
            "package": "doctrine/dbal",
            "version": "2.3.x-dev",
            "source-reference": "fd45c6f6baa618d871f3201fabe76df5043abb1e",
            "commit-date": "1358682636"
        },
        {
            "package": "doctrine/doctrine-bundle",
            "version": "1.1.x-dev",
            "source-reference": "78b3680da8ae38f87df83a100e2e3a6820dd6177",
            "commit-date": "1358001652"
        },
        {
            "package": "doctrine/orm",
            "version": "2.3.x-dev",
            "source-reference": "fdd0af34e6fced967b8751bc3e4792c11ef86d57",
            "commit-date": "1358710521"
        },
        {
            "package": "friendsofsymfony/user-bundle",
            "version": "dev-master",
            "source-reference": "df0cab6237206a53030b6970a5b5580d4b8fa483",
            "commit-date": "1359665221"
        },
        {
            "package": "gedmo/doctrine-extensions",
            "version": "dev-master",
            "alias-pretty-version": "2.3.x-dev",
            "alias-version": "2.3.9999999.9999999-dev"
        },
        {
            "package": "gedmo/doctrine-extensions",
            "version": "dev-master",
            "source-reference": "1ceb60dcec48c5e26d6dbade66c1b0c654050775",
            "commit-date": "1360222772"
        },
        {
            "package": "jdorn/sql-formatter",
            "version": "dev-master",
            "alias-pretty-version": "1.3.x-dev",
            "alias-version": "1.3.9999999.9999999-dev"
        },
        {
            "package": "jdorn/sql-formatter",
            "version": "dev-master",
            "source-reference": "da55bd76098f872b44343ba456db868cbcac8776",
            "commit-date": "1358495531"
        },
        {
            "package": "jms/aop-bundle",
            "version": "1.0.0"
        },
        {
            "package": "jms/cg",
            "version": "1.0.0"
        },
        {
            "package": "jms/di-extra-bundle",
            "version": "1.1.x-dev",
            "source-reference": "1.1.1",
            "commit-date": "1348217792"
        },
        {
            "package": "jms/metadata",
            "version": "1.1.1"
        },
        {
            "package": "jms/security-extra-bundle",
            "version": "1.2.x-dev",
            "source-reference": "9ab6aceda50fc7a2b07d741ba4b3f0695508afcb",
            "commit-date": "1346947943"
        },
        {
            "package": "kriswallsmith/assetic",
            "version": "dev-master",
            "alias-pretty-version": "1.1.x-dev",
            "alias-version": "1.1.9999999.9999999-dev"
        },
        {
            "package": "kriswallsmith/assetic",
            "version": "dev-master",
            "source-reference": "v1.1.0-alpha2",
            "commit-date": "1359654310"
        },
        {
            "package": "limitium/ormd-fixer",
            "version": "dev-master",
            "source-reference": "5dabb4aa1260d06933fd61839669f7b0bb5d973d",
            "commit-date": "1345726057"
        },
        {
            "package": "monolog/monolog",
            "version": "1.2.1"
        },
        {
            "package": "sensio/distribution-bundle",
            "version": "2.1.x-dev",
            "source-reference": "615f76309dae8c45c72b69578b034713c09767d1",
            "commit-date": "1360007682"
        },
        {
            "package": "sensio/framework-extra-bundle",
            "version": "2.1.x-dev",
            "source-reference": "v2.1.7",
            "commit-date": "1357319186"
        },
        {
            "package": "sensio/generator-bundle",
            "version": "2.1.x-dev",
            "source-reference": "v2.1.7",
            "commit-date": "1357319348"
        },
        {
            "package": "stof/doctrine-extensions-bundle",
            "version": "dev-master",
            "source-reference": "4a17550d8b101c5aafc56c9950149aa189b8402d",
            "commit-date": "1355421487"
        },
        {
            "package": "swiftmailer/swiftmailer",
            "version": "v4.2.2"
        },
        {
            "package": "symfony/assetic-bundle",
            "version": "dev-master",
            "source-reference": "v2.1.1-beta1",
            "commit-date": "1359654977"
        },
        {
            "package": "symfony/monolog-bundle",
            "version": "2.1.x-dev",
            "source-reference": "253fcda1128a0301aa68d040302cade65095f2c6",
            "commit-date": "1359367602"
        },
        {
            "package": "symfony/swiftmailer-bundle",
            "version": "2.1.x-dev",
            "source-reference": "v2.1.7",
            "commit-date": "1357319069"
        },
        {
            "package": "symfony/symfony",
            "version": "v2.1.7"
        },
        {
            "package": "twig/extensions",
            "version": "dev-master",
            "source-reference": "5c2d515d4624bdd588226d688173cf0399a4d8cf",
            "commit-date": "1357318505"
        },
        {
            "package": "twig/twig",
            "version": "dev-master",
            "alias-pretty-version": "1.12.x-dev",
            "alias-version": "1.12.9999999.9999999-dev"
        },
        {
            "package": "twig/twig",
            "version": "dev-master",
            "source-reference": "72c8bb73e90cf6d2e992b01ab508f7fc13e38c8f",
            "commit-date": "1360435022"
        }
    ],
    "packages-dev": null,
    "aliases": [

    ],
    "minimum-stability": "dev",
    "stability-flags": {
        "doctrine/doctrine-bundle": 20,
        "twig/extensions": 20,
        "symfony/assetic-bundle": 20,
        "limitium/ormd-fixer": 20,
        "friendsofsymfony/user-bundle": 20,
        "stof/doctrine-extensions-bundle": 20
    }
}
